
Microsoft Visual Studio Solution File, Format Version 12.00
# Visual Studio 15
VisualStudioVersion = 15.0.26228.102
MinimumVisualStudioVersion = 10.0.40219.1
Project("{9A19103F-16F7-4668-BE54-9A1E7A4F7556}") = "TNT.Core.Helpers", "..\TNT.Core.Helpers\TNT.Core.Helpers\TNT.Core.Helpers.csproj", "{F9D231AA-BA42-4EDB-8641-0C1EFB335213}"
EndProject
Project("{9A19103F-16F7-4668-BE54-9A1E7A4F7556}") = "TNT.Core.Template", "..\TNT.Core.Template\TNT.Core.Template.csproj", "{CCD92832-D3BC-4146-8914-0F0ABAC262FE}"
EndProject
Project("{9A19103F-16F7-4668-BE54-9A1E7A4F7556}") = "TNT.Core.Template.DataService", "..\TNT.Core.Template.DataService\TNT.Core.Template.DataService.csproj", "{4F890CBF-EEF3-46A4-A4CF-8D963AFBD14F}"
EndProject
Project("{9A19103F-16F7-4668-BE54-9A1E7A4F7556}") = "DataService", "DataService\DataService.csproj", "{0713B20F-2A86-4BDD-9B1E-DF4B42A32CB0}"
EndProject
Project("{9A19103F-16F7-4668-BE54-9A1E7A4F7556}") = "UniLog.API", "UniLog.API\UniLog.API.csproj", "{D9C78F37-B876-499F-BC2C-F5055BF67D10}"
EndProject
Global
	GlobalSection(SolutionConfigurationPlatforms) = preSolution
		Debug|Any CPU = Debug|Any CPU
		Release|Any CPU = Release|Any CPU
	EndGlobalSection
	GlobalSection(ProjectConfigurationPlatforms) = postSolution
		{F9D231AA-BA42-4EDB-8641-0C1EFB335213}.Debug|Any CPU.ActiveCfg = Debug|Any CPU
		{F9D231AA-BA42-4EDB-8641-0C1EFB335213}.Debug|Any CPU.Build.0 = Debug|Any CPU
		{F9D231AA-BA42-4EDB-8641-0C1EFB335213}.Release|Any CPU.ActiveCfg = Release|Any CPU
		{F9D231AA-BA42-4EDB-8641-0C1EFB335213}.Release|Any CPU.Build.0 = Release|Any CPU
		{CCD92832-D3BC-4146-8914-0F0ABAC262FE}.Debug|Any CPU.ActiveCfg = Debug|Any CPU
		{CCD92832-D3BC-4146-8914-0F0ABAC262FE}.Debug|Any CPU.Build.0 = Debug|Any CPU
		{CCD92832-D3BC-4146-8914-0F0ABAC262FE}.Release|Any CPU.ActiveCfg = Release|Any CPU
		{CCD92832-D3BC-4146-8914-0F0ABAC262FE}.Release|Any CPU.Build.0 = Release|Any CPU
		{4F890CBF-EEF3-46A4-A4CF-8D963AFBD14F}.Debug|Any CPU.ActiveCfg = Debug|Any CPU
		{4F890CBF-EEF3-46A4-A4CF-8D963AFBD14F}.Debug|Any CPU.Build.0 = Debug|Any CPU
		{4F890CBF-EEF3-46A4-A4CF-8D963AFBD14F}.Release|Any CPU.ActiveCfg = Release|Any CPU
		{4F890CBF-EEF3-46A4-A4CF-8D963AFBD14F}.Release|Any CPU.Build.0 = Release|Any CPU
		{0713B20F-2A86-4BDD-9B1E-DF4B42A32CB0}.Debug|Any CPU.ActiveCfg = Debug|Any CPU
		{0713B20F-2A86-4BDD-9B1E-DF4B42A32CB0}.Debug|Any CPU.Build.0 = Debug|Any CPU
		{0713B20F-2A86-4BDD-9B1E-DF4B42A32CB0}.Release|Any CPU.ActiveCfg = Release|Any CPU
		{0713B20F-2A86-4BDD-9B1E-DF4B42A32CB0}.Release|Any CPU.Build.0 = Release|Any CPU
		{D9C78F37-B876-499F-BC2C-F5055BF67D10}.Debug|Any CPU.ActiveCfg = Debug|Any CPU
		{D9C78F37-B876-499F-BC2C-F5055BF67D10}.Debug|Any CPU.Build.0 = Debug|Any CPU
		{D9C78F37-B876-499F-BC2C-F5055BF67D10}.Release|Any CPU.ActiveCfg = Release|Any CPU
		{D9C78F37-B876-499F-BC2C-F5055BF67D10}.Release|Any CPU.Build.0 = Release|Any CPU
	EndGlobalSection
	GlobalSection(SolutionProperties) = preSolution
		HideSolutionNode = FALSE
	EndGlobalSection
	GlobalSection(ExtensibilityGlobals) = postSolution
		SolutionGuid = {6F698A67-FA30-4EB1-A286-31918CCE03EF}
	EndGlobalSection
EndGlobal
